
Microsoft Visual Studio Solution File, Format Version 12.00
# Visual Studio Version 17
VisualStudioVersion = 17.0.31903.59
MinimumVisualStudioVersion = 10.0.40219.1
Project("{2150E333-8FDC-42A3-9474-1A3956D46DE8}") = "src", "src", "{0BB26A5A-AC0E-4D3F-B008-493427230F2B}"
EndProject
Project("{FAE04EC0-301F-11D3-BF4B-00C04F79EFBC}") = "IntegrationTests", "src\IntegrationTests\IntegrationTests.csproj", "{CACDC7EA-B817-4C99-A20D-D69C7BB61517}"
EndProject
Project("{FAE04EC0-301F-11D3-BF4B-00C04F79EFBC}") = "TimetableServer", "src\Server\TimetableServer.csproj", "{4BA35DAC-9FE3-40A2-97F6-9EA16EDFF3FF}"
EndProject
Global
	GlobalSection(SolutionConfigurationPlatforms) = preSolution
		Debug|Any CPU = Debug|Any CPU
		Release|Any CPU = Release|Any CPU
	EndGlobalSection
	GlobalSection(SolutionProperties) = preSolution
		HideSolutionNode = FALSE
	EndGlobalSection
	GlobalSection(ProjectConfigurationPlatforms) = postSolution
		{CACDC7EA-B817-4C99-A20D-D69C7BB61517}.Debug|Any CPU.ActiveCfg = Debug|Any CPU
		{CACDC7EA-B817-4C99-A20D-D69C7BB61517}.Debug|Any CPU.Build.0 = Debug|Any CPU
		{CACDC7EA-B817-4C99-A20D-D69C7BB61517}.Release|Any CPU.ActiveCfg = Release|Any CPU
		{CACDC7EA-B817-4C99-A20D-D69C7BB61517}.Release|Any CPU.Build.0 = Release|Any CPU
		{4BA35DAC-9FE3-40A2-97F6-9EA16EDFF3FF}.Debug|Any CPU.ActiveCfg = Debug|Any CPU
		{4BA35DAC-9FE3-40A2-97F6-9EA16EDFF3FF}.Debug|Any CPU.Build.0 = Debug|Any CPU
		{4BA35DAC-9FE3-40A2-97F6-9EA16EDFF3FF}.Release|Any CPU.ActiveCfg = Release|Any CPU
		{4BA35DAC-9FE3-40A2-97F6-9EA16EDFF3FF}.Release|Any CPU.Build.0 = Release|Any CPU
	EndGlobalSection
	GlobalSection(NestedProjects) = preSolution
		{CACDC7EA-B817-4C99-A20D-D69C7BB61517} = {0BB26A5A-AC0E-4D3F-B008-493427230F2B}
		{4BA35DAC-9FE3-40A2-97F6-9EA16EDFF3FF} = {0BB26A5A-AC0E-4D3F-B008-493427230F2B}
	EndGlobalSection
EndGlobal
